{
  "name": "@btfcss/color-scheme",
  "version": "1.0.0",
  "lockfileVersion": 3,
  "requires": true,
  "packages": {
    "": {
      "name": "@btfcss/color-scheme",
      "version": "1.0.0",
      "license": "ISC",
      "dependencies": {
        "@btfcss/system-color-scheme": "^1.0.4"
      }
    },
    "node_modules/@btfcss/system-color-scheme": {
      "version": "1.0.4",
      "resolved": "https://registry.npmjs.org/@btfcss/system-color-scheme/-/system-color-scheme-1.0.4.tgz",
      "integrity": "sha512-CJB7p9VhWluUKoVK29IpE3R6hYUyL0tWhOQXIKz5IDgTP3s1H24tm5c+8KiSuey9x6D9fJ6NXODs11SpBWYmIQ==",
      "license": "ISC"
    }
  }
}
